
Microsoft Visual Studio Solution File, Format Version 12.00
# Visual Studio 15
VisualStudioVersion = 15.0.28307.106
MinimumVisualStudioVersion = 10.0.40219.1
Project("{FAE04EC0-301F-11D3-BF4B-00C04F79EFBC}") = "WebApplication1", "WebApplication1\WebApplication1.csproj", "{F6A2D954-8B53-4DC5-A178-591FCC21D900}"
EndProject
Global
	GlobalSection(SolutionConfigurationPlatforms) = preSolution
		Debug|Any CPU = Debug|Any CPU
		Release|Any CPU = Release|Any CPU
	EndGlobalSection
	GlobalSection(ProjectConfigurationPlatforms) = postSolution
		{F6A2D954-8B53-4DC5-A178-591FCC21D900}.Debug|Any CPU.ActiveCfg = Debug|Any CPU
		{F6A2D954-8B53-4DC5-A178-591FCC21D900}.Debug|Any CPU.Build.0 = Debug|Any CPU
		{F6A2D954-8B53-4DC5-A178-591FCC21D900}.Release|Any CPU.ActiveCfg = Release|Any CPU
		{F6A2D954-8B53-4DC5-A178-591FCC21D900}.Release|Any CPU.Build.0 = Release|Any CPU
	EndGlobalSection
	GlobalSection(SolutionProperties) = preSolution
		HideSolutionNode = FALSE
	EndGlobalSection
	GlobalSection(ExtensibilityGlobals) = postSolution
		SolutionGuid = {CAD1698D-E91A-4484-9B50-A2D12AF87A81}
	EndGlobalSection
EndGlobal
