
Microsoft Visual Studio Solution File, Format Version 12.00
# Visual Studio 15
VisualStudioVersion = 15.0.27703.2026
MinimumVisualStudioVersion = 10.0.40219.1
Project("{FAE04EC0-301F-11D3-BF4B-00C04F79EFBC}") = "LudoGame", "LudoGame\LudoGame.csproj", "{81BCD9D8-14B3-4F62-87AE-22B7A7251761}"
EndProject
Project("{FAE04EC0-301F-11D3-BF4B-00C04F79EFBC}") = "GameEngine", "GameEngine\GameEngine.csproj", "{CF2F84A0-B363-4DDA-BDBF-568CAC705125}"
EndProject
Global
	GlobalSection(SolutionConfigurationPlatforms) = preSolution
		Debug|Any CPU = Debug|Any CPU
		Release|Any CPU = Release|Any CPU
	EndGlobalSection
	GlobalSection(ProjectConfigurationPlatforms) = postSolution
		{81BCD9D8-14B3-4F62-87AE-22B7A7251761}.Debug|Any CPU.ActiveCfg = Debug|Any CPU
		{81BCD9D8-14B3-4F62-87AE-22B7A7251761}.Debug|Any CPU.Build.0 = Debug|Any CPU
		{81BCD9D8-14B3-4F62-87AE-22B7A7251761}.Release|Any CPU.ActiveCfg = Release|Any CPU
		{81BCD9D8-14B3-4F62-87AE-22B7A7251761}.Release|Any CPU.Build.0 = Release|Any CPU
		{CF2F84A0-B363-4DDA-BDBF-568CAC705125}.Debug|Any CPU.ActiveCfg = Debug|Any CPU
		{CF2F84A0-B363-4DDA-BDBF-568CAC705125}.Debug|Any CPU.Build.0 = Debug|Any CPU
		{CF2F84A0-B363-4DDA-BDBF-568CAC705125}.Release|Any CPU.ActiveCfg = Release|Any CPU
		{CF2F84A0-B363-4DDA-BDBF-568CAC705125}.Release|Any CPU.Build.0 = Release|Any CPU
	EndGlobalSection
	GlobalSection(SolutionProperties) = preSolution
		HideSolutionNode = FALSE
	EndGlobalSection
	GlobalSection(ExtensibilityGlobals) = postSolution
		SolutionGuid = {DB64AC5F-571E-4882-B1D4-44A089DFC6A3}
	EndGlobalSection
EndGlobal
